
Microsoft Visual Studio Solution File, Format Version 12.00
# Visual Studio Version 16
VisualStudioVersion = 16.0.33529.622
MinimumVisualStudioVersion = 10.0.40219.1
Project("{FAE04EC0-301F-11D3-BF4B-00C04F79EFBC}") = "XayDungClassAnimal", "XayDungClassAnimal.csproj", "{7E51CCD5-3EFB-4AA6-BF6B-271D6104080E}"
EndProject
Global
	GlobalSection(SolutionConfigurationPlatforms) = preSolution
		Debug|Any CPU = Debug|Any CPU
		Release|Any CPU = Release|Any CPU
	EndGlobalSection
	GlobalSection(ProjectConfigurationPlatforms) = postSolution
		{7E51CCD5-3EFB-4AA6-BF6B-271D6104080E}.Debug|Any CPU.ActiveCfg = Debug|Any CPU
		{7E51CCD5-3EFB-4AA6-BF6B-271D6104080E}.Debug|Any CPU.Build.0 = Debug|Any CPU
		{7E51CCD5-3EFB-4AA6-BF6B-271D6104080E}.Release|Any CPU.ActiveCfg = Release|Any CPU
		{7E51CCD5-3EFB-4AA6-BF6B-271D6104080E}.Release|Any CPU.Build.0 = Release|Any CPU
	EndGlobalSection
	GlobalSection(SolutionProperties) = preSolution
		HideSolutionNode = FALSE
	EndGlobalSection
	GlobalSection(ExtensibilityGlobals) = postSolution
		SolutionGuid = {74575DC9-F9D2-430C-813E-1EF3B0957C7F}
	EndGlobalSection
EndGlobal
